
Microsoft Visual Studio Solution File, Format Version 12.00
# Visual Studio Version 16
VisualStudioVersion = 16.0.29403.142
MinimumVisualStudioVersion = 10.0.40219.1
Project("{9A19103F-16F7-4668-BE54-9A1E7A4F7556}") = "BusStopSplit", "BusStopSplit.csproj", "{CAEDC1D8-B2A1-4030-A856-4B9EA51A9779}"
EndProject
Project("{9A19103F-16F7-4668-BE54-9A1E7A4F7556}") = "BusStopSplit.Core", "..\BusStopSplit.Core\BusStopSplit.Core.csproj", "{8527A017-63A0-40E5-A013-1C9267E26602}"
EndProject
Project("{9A19103F-16F7-4668-BE54-9A1E7A4F7556}") = "BusStopSplit.Data", "..\BusStopSplit.Data\BusStopSplit.Data.csproj", "{A579E912-3B12-4CB0-961B-3838D11E6785}"
EndProject
Global
	GlobalSection(SolutionConfigurationPlatforms) = preSolution
		Debug|Any CPU = Debug|Any CPU
		Release|Any CPU = Release|Any CPU
	EndGlobalSection
	GlobalSection(ProjectConfigurationPlatforms) = postSolution
		{CAEDC1D8-B2A1-4030-A856-4B9EA51A9779}.Debug|Any CPU.ActiveCfg = Debug|Any CPU
		{CAEDC1D8-B2A1-4030-A856-4B9EA51A9779}.Debug|Any CPU.Build.0 = Debug|Any CPU
		{CAEDC1D8-B2A1-4030-A856-4B9EA51A9779}.Release|Any CPU.ActiveCfg = Release|Any CPU
		{CAEDC1D8-B2A1-4030-A856-4B9EA51A9779}.Release|Any CPU.Build.0 = Release|Any CPU
		{8527A017-63A0-40E5-A013-1C9267E26602}.Debug|Any CPU.ActiveCfg = Debug|Any CPU
		{8527A017-63A0-40E5-A013-1C9267E26602}.Debug|Any CPU.Build.0 = Debug|Any CPU
		{8527A017-63A0-40E5-A013-1C9267E26602}.Release|Any CPU.ActiveCfg = Release|Any CPU
		{8527A017-63A0-40E5-A013-1C9267E26602}.Release|Any CPU.Build.0 = Release|Any CPU
		{A579E912-3B12-4CB0-961B-3838D11E6785}.Debug|Any CPU.ActiveCfg = Debug|Any CPU
		{A579E912-3B12-4CB0-961B-3838D11E6785}.Debug|Any CPU.Build.0 = Debug|Any CPU
		{A579E912-3B12-4CB0-961B-3838D11E6785}.Release|Any CPU.ActiveCfg = Release|Any CPU
		{A579E912-3B12-4CB0-961B-3838D11E6785}.Release|Any CPU.Build.0 = Release|Any CPU
	EndGlobalSection
	GlobalSection(SolutionProperties) = preSolution
		HideSolutionNode = FALSE
	EndGlobalSection
	GlobalSection(ExtensibilityGlobals) = postSolution
		SolutionGuid = {03D23ADE-3529-46CD-8BCE-DD8DDFC28AD0}
	EndGlobalSection
EndGlobal
